
Microsoft Visual Studio Solution File, Format Version 12.00
# Visual Studio Version 17
VisualStudioVersion = 17.0.32014.148
MinimumVisualStudioVersion = 10.0.40219.1
Project("{FAE04EC0-301F-11D3-BF4B-00C04F79EFBC}") = "ConsoleTemplate", "ConsoleTemplate\ConsoleTemplate.csproj", "{5D550991-3BFF-4134-B0A9-35B9B6F58B39}"
EndProject
Project("{FAE04EC0-301F-11D3-BF4B-00C04F79EFBC}") = "ConsoleTemplate.IntegrationTests", "ConsoleTemplate.IntegrationTests\ConsoleTemplate.IntegrationTests.csproj", "{381725BC-51A6-4DA1-B6B3-7ADCED15CEA2}"
EndProject
Global
	GlobalSection(SolutionConfigurationPlatforms) = preSolution
		Debug|Any CPU = Debug|Any CPU
		Release|Any CPU = Release|Any CPU
	EndGlobalSection
	GlobalSection(ProjectConfigurationPlatforms) = postSolution
		{5D550991-3BFF-4134-B0A9-35B9B6F58B39}.Debug|Any CPU.ActiveCfg = Debug|Any CPU
		{5D550991-3BFF-4134-B0A9-35B9B6F58B39}.Debug|Any CPU.Build.0 = Debug|Any CPU
		{5D550991-3BFF-4134-B0A9-35B9B6F58B39}.Release|Any CPU.ActiveCfg = Release|Any CPU
		{5D550991-3BFF-4134-B0A9-35B9B6F58B39}.Release|Any CPU.Build.0 = Release|Any CPU
		{381725BC-51A6-4DA1-B6B3-7ADCED15CEA2}.Debug|Any CPU.ActiveCfg = Debug|Any CPU
		{381725BC-51A6-4DA1-B6B3-7ADCED15CEA2}.Debug|Any CPU.Build.0 = Debug|Any CPU
		{381725BC-51A6-4DA1-B6B3-7ADCED15CEA2}.Release|Any CPU.ActiveCfg = Release|Any CPU
		{381725BC-51A6-4DA1-B6B3-7ADCED15CEA2}.Release|Any CPU.Build.0 = Release|Any CPU
	EndGlobalSection
	GlobalSection(SolutionProperties) = preSolution
		HideSolutionNode = FALSE
	EndGlobalSection
	GlobalSection(ExtensibilityGlobals) = postSolution
		SolutionGuid = {5F173E83-300C-46F4-B37A-2B9732576096}
	EndGlobalSection
EndGlobal
